# This file is automatically @generated by Poetry 1.8.4 and should not be changed by hand.

[[package]]
name = "appdirs"
version = "1.4.4"
description = "A small Python module for determining appropriate platform-specific dirs, e.g. a \"user data dir\"."
optional = false
python-versions = "*"
files = [
    {file = "appdirs-1.4.4-py2.py3-none-any.whl", hash = "sha256:a841dacd6b99318a741b166adb07e19ee71a274450e68237b4650ca1055ab128"},
    {file = "appdirs-1.4.4.tar.gz", hash = "sha256:7d5d0167b2b1ba821647616af46a749d1c653740dd0d2415100fe26e27afdf41"},
]

[[package]]
name = "astor"
version = "0.8.1"
description = "Read/rewrite/write Python ASTs"
optional = false
python-versions = "!=3.0.*,!=3.1.*,!=3.2.*,!=3.3.*,>=2.7"
files = [
    {file = "astor-0.8.1-py2.py3-none-any.whl", hash = "sha256:070a54e890cefb5b3739d19f30f5a5ec840ffc9c50ffa7d23cc9fc1a38ebbfc5"},
    {file = "astor-0.8.1.tar.gz", hash = "sha256:6a6effda93f4e1ce9f618779b2dd1d9d84f1e32812c23a29b3fff6fd7f63fa5e"},
]

[[package]]
name = "click"
version = "7.1.2"
description = "Composable command line interface toolkit"
optional = false
python-versions = ">=2.7, !=3.0.*, !=3.1.*, !=3.2.*, !=3.3.*, !=3.4.*"
files = [
    {file = "click-7.1.2-py2.py3-none-any.whl", hash = "sha256:dacca89f4bfadd5de3d7489b7c8a566eee0d3676333fbb50030263894c38c0dc"},
    {file = "click-7.1.2.tar.gz", hash = "sha256:d2b5255c7c6349bc1bd1e59e08cd12acbbd63ce649f2588755783aa94dfb6b1a"},
]

[[package]]
name = "colorama"
version = "0.4.6"
description = "Cross-platform colored terminal text."
optional = false
python-versions = "!=3.0.*,!=3.1.*,!=3.2.*,!=3.3.*,!=3.4.*,!=3.5.*,!=3.6.*,>=2.7"
files = [
    {file = "colorama-0.4.6-py2.py3-none-any.whl", hash = "sha256:4f1d9991f5acc0ca119f9d443620b77f9d6b33703e51011c16baf57afb285fc6"},
    {file = "colorama-0.4.6.tar.gz", hash = "sha256:08695f5cb7ed6e0531a20572697297273c47b8cae5a63ffc6d6ed5c201be6e44"},
]

[[package]]
name = "funcparserlib"
version = "1.0.1"
description = "Recursive descent parsing library based on functional combinators"
optional = false
python-versions = ">=2.7, !=3.0.*, !=3.1.*, !=3.2.*, !=3.3.*, !=3.4.*, !=3.5.*, !=3.6.*"
files = [
    {file = "funcparserlib-1.0.1-py2.py3-none-any.whl", hash = "sha256:95da15d3f0d00b9b6f4bf04005c708af3faa115f7b45692ace064ebe758c68e8"},
    {file = "funcparserlib-1.0.1.tar.gz", hash = "sha256:a2c4a0d7942f7a0e7635c369d921066c8d4cae7f8b5bf7914466bec3c69837f4"},
]

[[package]]
name = "hy"
version = "0.19.0"
description = "Lisp and Python love each other."
optional = false
python-versions = "*"
files = [
    {file = "hy-0.19.0-py2.py3-none-any.whl", hash = "sha256:d2ed54995f05518c8038d06d916cb960e9e56050c4c4426cb11d0ed9650ab2e2"},
    {file = "hy-0.19.0.tar.gz", hash = "sha256:3a5a1d76ddeb2f1d5de71ad1b1167799850db955b5eb0258e351fb182b2e6016"},
]

[package.dependencies]
astor = ">=0.8"
colorama = "*"
funcparserlib = ">=0.3.6"
rply = ">=0.7.7"

[[package]]
name = "importlib-metadata"
version = "1.7.0"
description = "Read metadata from Python packages"
optional = false
python-versions = "!=3.0.*,!=3.1.*,!=3.2.*,!=3.3.*,!=3.4.*,>=2.7"
files = [
    {file = "importlib_metadata-1.7.0-py2.py3-none-any.whl", hash = "sha256:dc15b2969b4ce36305c51eebe62d418ac7791e9a157911d58bfb1f9ccd8e2070"},
    {file = "importlib_metadata-1.7.0.tar.gz", hash = "sha256:90bb658cdbbf6d1735b6341ce708fc7024a3e14e99ffdc5783edea9f9b077f83"},
]

[package.dependencies]
zipp = ">=0.5"

[package.extras]
docs = ["rst.linker", "sphinx"]
testing = ["importlib-resources (>=1.3)", "packaging", "pep517"]

[[package]]
name = "python-box"
version = "5.4.1"
description = "Advanced Python dictionaries with dot notation access"
optional = false
python-versions = ">=3.6"
files = [
    {file = "python-box-5.4.1.tar.gz", hash = "sha256:b68e0f8abc86f3deda751b3390f64df64a0989459de51ba4db949662a7b4d8ac"},
    {file = "python_box-5.4.1-py3-none-any.whl", hash = "sha256:60ae9156de34cf92b899bd099580950df70a5b0813e67a3310a1cdd1976457fa"},
]

[package.extras]
all = ["msgpack", "ruamel.yaml", "toml"]
msgpack = ["msgpack"]
pyyaml = ["PyYAML"]
ruamel-yaml = ["ruamel.yaml"]
toml = ["toml"]
yaml = ["ruamel.yaml"]

[[package]]
name = "rply"
version = "0.7.8"
description = "A pure Python Lex/Yacc that works with RPython"
optional = false
python-versions = "*"
files = [
    {file = "rply-0.7.8-py2.py3-none-any.whl", hash = "sha256:28ffd11d656c48aeb8c508eb382acd6a0bd906662624b34388751732a27807e7"},
    {file = "rply-0.7.8.tar.gz", hash = "sha256:2a808ac25a4580a9991fc304d64434e299a8fc75760574492f242cbb5bb301c9"},
]

[package.dependencies]
appdirs = "*"

[[package]]
name = "ruamel-yaml"
version = "0.16.13"
description = "ruamel.yaml is a YAML parser/emitter that supports roundtrip preservation of comments, seq/map flow style, and map key order"
optional = false
python-versions = "*"
files = [
    {file = "ruamel.yaml-0.16.13-py2.py3-none-any.whl", hash = "sha256:64b06e7873eb8e1125525ecef7345447d786368cadca92a7cd9b59eae62e95a3"},
    {file = "ruamel.yaml-0.16.13.tar.gz", hash = "sha256:bb48c514222702878759a05af96f4b7ecdba9b33cd4efcf25c86b882cef3a942"},
]

[package.extras]
docs = ["ryd"]
jinja2 = ["ruamel.yaml.jinja2 (>=0.2)"]

[[package]]
name = "slot"
version = "0.3.0"
description = "Rotate your files via symlink"
optional = false
python-versions = ">=3.7,<4.0"
files = [
    {file = "slot-0.3.0-py3-none-any.whl", hash = "sha256:f5cc800045d9301c9e0cb2994aa4acd8d737b022eba34929ae61d4bac802b0b1"},
    {file = "slot-0.3.0.tar.gz", hash = "sha256:bf1a91a3a1ce374865f4132e5395edc5d5dc6f8ed7a499b465379acb8532db3b"},
]

[package.dependencies]
click = ">=7.1.2,<8.0.0"
colorama = ">=0.4.3,<0.5.0"
hy = ">=0.19.0,<0.20.0"
importlib-metadata = ">=1.7.0,<2.0.0"
python-box = ">=5.1.0,<6.0.0"
"ruamel.yaml" = ">=0.16.10,<0.17.0"
use-dir = ">=0.1.4,<0.2.0"

[[package]]
name = "use-dir"
version = "0.1.4"
description = ""
optional = false
python-versions = ">=3.6,<4.0"
files = [
    {file = "use-dir-0.1.4.tar.gz", hash = "sha256:9b9dd8125d656d30059a8d392a90e8b3f56d90917a82906ae88c4d581ba84771"},
    {file = "use_dir-0.1.4-py3-none-any.whl", hash = "sha256:7f9fa2f029a8584f5f1df110fcbfd8e7c3f9b08d2bdfd9e67ade69e5b3c4dd4c"},
]

[[package]]
name = "zipp"
version = "3.21.0"
description = "Backport of pathlib-compatible object wrapper for zip files"
optional = false
python-versions = ">=3.9"
files = [
    {file = "zipp-3.21.0-py3-none-any.whl", hash = "sha256:ac1bbe05fd2991f160ebce24ffbac5f6d11d83dc90891255885223d42b3cd931"},
    {file = "zipp-3.21.0.tar.gz", hash = "sha256:2c9958f6430a2040341a52eb608ed6dd93ef4392e02ffe219417c1b28b5dd1f4"},
]

[package.extras]
check = ["pytest-checkdocs (>=2.4)", "pytest-ruff (>=0.2.1)"]
cover = ["pytest-cov"]
doc = ["furo", "jaraco.packaging (>=9.3)", "jaraco.tidelift (>=1.4)", "rst.linker (>=1.9)", "sphinx (>=3.5)", "sphinx-lint"]
enabler = ["pytest-enabler (>=2.2)"]
test = ["big-O", "importlib-resources", "jaraco.functools", "jaraco.itertools", "jaraco.test", "more-itertools", "pytest (>=6,!=8.1.*)", "pytest-ignore-flaky"]
type = ["pytest-mypy"]

[metadata]
lock-version = "2.0"
python-versions = "^3.12"
content-hash = "a28dad2f801764480c2784576cb2a0ac7f37bdaaf15313482835e46046743a50"
